{
  "version": 4,
  "terraform_version": "0.13.3",
  "serial": 395,
  "lineage": "58bde2c7-2ef3-b316-ae91-b0fab35e378b",
  "outputs": {},
  "resources": [
    {
      "mode": "managed",
      "type": "google_bigquery_dataset",
      "name": "dw",
      "provider": "provider[\"registry.terraform.io/hashicorp/google\"]",
      "instances": [
        {
          "schema_version": 0,
          "attributes": {
            "access": [
              {
                "domain": "",
                "group_by_email": "",
                "role": "OWNER",
                "special_group": "",
                "user_by_email": "terraform@testeengenharia.iam.gserviceaccount.com",
                "view": []
              },
              {
                "domain": "",
                "group_by_email": "",
                "role": "OWNER",
                "special_group": "projectOwners",
                "user_by_email": "",
                "view": []
              },
              {
                "domain": "",
                "group_by_email": "",
                "role": "READER",
                "special_group": "projectReaders",
                "user_by_email": "",
                "view": []
              },
              {
                "domain": "",
                "group_by_email": "",
                "role": "WRITER",
                "special_group": "projectWriters",
                "user_by_email": "",
                "view": []
              }
            ],
            "creation_time": 1601935909442,
            "dataset_id": "dw_tubes",
            "default_encryption_configuration": [],
            "default_partition_expiration_ms": 0,
            "default_table_expiration_ms": 0,
            "delete_contents_on_destroy": false,
            "description": "tabela com os dados tratados",
            "etag": "oB4YiUshsDB6VLemw1TLTg==",
            "friendly_name": "dw_tubes",
            "id": "projects/testeengenharia/datasets/dw_tubes",
            "labels": null,
            "last_modified_time": 1601935909442,
            "location": "US",
            "project": "testeengenharia",
            "self_link": "https://bigquery.googleapis.com/bigquery/v2/projects/testeengenharia/datasets/dw_tubes",
            "timeouts": null
          },
          "private": "eyJlMmJmYjczMC1lY2FhLTExZTYtOGY4OC0zNDM2M2JjN2M0YzAiOnsiY3JlYXRlIjoyNDAwMDAwMDAwMDAsImRlbGV0ZSI6MjQwMDAwMDAwMDAwLCJ1cGRhdGUiOjI0MDAwMDAwMDAwMH19"
        }
      ]
    },
    {
      "mode": "managed",
      "type": "google_bigquery_dataset",
      "name": "tubes",
      "provider": "provider[\"registry.terraform.io/hashicorp/google\"]",
      "instances": [
        {
          "schema_version": 0,
          "attributes": {
            "access": [
              {
                "domain": "",
                "group_by_email": "",
                "role": "OWNER",
                "special_group": "",
                "user_by_email": "terraform@testeengenharia.iam.gserviceaccount.com",
                "view": []
              },
              {
                "domain": "",
                "group_by_email": "",
                "role": "OWNER",
                "special_group": "projectOwners",
                "user_by_email": "",
                "view": []
              },
              {
                "domain": "",
                "group_by_email": "",
                "role": "READER",
                "special_group": "projectReaders",
                "user_by_email": "",
                "view": []
              },
              {
                "domain": "",
                "group_by_email": "",
                "role": "WRITER",
                "special_group": "projectWriters",
                "user_by_email": "",
                "view": []
              }
            ],
            "creation_time": 1601935908841,
            "dataset_id": "tubes",
            "default_encryption_configuration": [],
            "default_partition_expiration_ms": 0,
            "default_table_expiration_ms": 0,
            "delete_contents_on_destroy": false,
            "description": "tabela com os dados recebidos dos topicos pub/sub",
            "etag": "QFM6w1Ge8j2zxAOC28VgaA==",
            "friendly_name": "tubes",
            "id": "projects/testeengenharia/datasets/tubes",
            "labels": null,
            "last_modified_time": 1601935908841,
            "location": "US",
            "project": "testeengenharia",
            "self_link": "https://bigquery.googleapis.com/bigquery/v2/projects/testeengenharia/datasets/tubes",
            "timeouts": null
          },
          "private": "eyJlMmJmYjczMC1lY2FhLTExZTYtOGY4OC0zNDM2M2JjN2M0YzAiOnsiY3JlYXRlIjoyNDAwMDAwMDAwMDAsImRlbGV0ZSI6MjQwMDAwMDAwMDAwLCJ1cGRhdGUiOjI0MDAwMDAwMDAwMH19"
        }
      ]
    },
    {
      "mode": "managed",
      "type": "google_bigquery_table",
      "name": "tb_billmaterials",
      "provider": "provider[\"registry.terraform.io/hashicorp/google\"]",
      "instances": [
        {
          "schema_version": 0,
          "attributes": {
            "clustering": null,
            "creation_time": 1601935910951,
            "dataset_id": "tubes",
            "description": "",
            "encryption_configuration": [],
            "etag": "p7gAIw9sYQk11BfP/BLruw==",
            "expiration_time": 0,
            "external_data_configuration": [],
            "friendly_name": "",
            "id": "projects/testeengenharia/datasets/tubes/tables/tb_billmaterials",
            "labels": null,
            "last_modified_time": 1601935911138,
            "location": "US",
            "num_bytes": 0,
            "num_long_term_bytes": 0,
            "num_rows": 0,
            "project": "testeengenharia",
            "range_partitioning": [],
            "schema": "[{\"mode\":\"NULLABLE\",\"name\":\"tube_assembly_id\",\"type\":\"STRING\"},{\"mode\":\"NULLABLE\",\"name\":\"component_id_1\",\"type\":\"STRING\"},{\"mode\":\"NULLABLE\",\"name\":\"quantity_1\",\"type\":\"INTEGER\"},{\"mode\":\"NULLABLE\",\"name\":\"component_id_2\",\"type\":\"STRING\"},{\"mode\":\"NULLABLE\",\"name\":\"quantity_2\",\"type\":\"INTEGER\"},{\"mode\":\"NULLABLE\",\"name\":\"component_id_3\",\"type\":\"STRING\"},{\"mode\":\"NULLABLE\",\"name\":\"quantity_3\",\"type\":\"INTEGER\"},{\"mode\":\"NULLABLE\",\"name\":\"component_id_4\",\"type\":\"STRING\"},{\"mode\":\"NULLABLE\",\"name\":\"quantity_4\",\"type\":\"INTEGER\"},{\"mode\":\"NULLABLE\",\"name\":\"component_id_5\",\"type\":\"STRING\"},{\"mode\":\"NULLABLE\",\"name\":\"quantity_5\",\"type\":\"INTEGER\"},{\"mode\":\"NULLABLE\",\"name\":\"component_id_6\",\"type\":\"STRING\"},{\"mode\":\"NULLABLE\",\"name\":\"quantity_6\",\"type\":\"INTEGER\"},{\"mode\":\"NULLABLE\",\"name\":\"component_id_7\",\"type\":\"STRING\"},{\"mode\":\"NULLABLE\",\"name\":\"quantity_7\",\"type\":\"INTEGER\"},{\"mode\":\"NULLABLE\",\"name\":\"component_id_8\",\"type\":\"STRING\"},{\"mode\":\"NULLABLE\",\"name\":\"quantity_8\",\"type\":\"INTEGER\"}]",
            "self_link": "https://bigquery.googleapis.com/bigquery/v2/projects/testeengenharia/datasets/tubes/tables/tb_billmaterials",
            "table_id": "tb_billmaterials",
            "time_partitioning": [],
            "type": "TABLE",
            "view": []
          },
          "private": "bnVsbA==",
          "dependencies": [
            "google_bigquery_dataset.tubes"
          ]
        }
      ]
    },
    {
      "mode": "managed",
      "type": "google_bigquery_table",
      "name": "tb_compboss",
      "provider": "provider[\"registry.terraform.io/hashicorp/google\"]",
      "instances": [
        {
          "schema_version": 0,
          "attributes": {
            "clustering": null,
            "creation_time": 1601935910214,
            "dataset_id": "tubes",
            "description": "",
            "encryption_configuration": [],
            "etag": "m2d6arDx0mAfXAIS6ZyYDA==",
            "expiration_time": 0,
            "external_data_configuration": [],
            "friendly_name": "",
            "id": "projects/testeengenharia/datasets/tubes/tables/tb_compboss",
            "labels": null,
            "last_modified_time": 1601935910353,
            "location": "US",
            "num_bytes": 0,
            "num_long_term_bytes": 0,
            "num_rows": 0,
            "project": "testeengenharia",
            "range_partitioning": [],
            "schema": "[{\"mode\":\"NULLABLE\",\"name\":\"component_id\",\"type\":\"STRING\"},{\"mode\":\"NULLABLE\",\"name\":\"component_type_id\",\"type\":\"STRING\"},{\"mode\":\"NULLABLE\",\"name\":\"type\",\"type\":\"STRING\"},{\"mode\":\"NULLABLE\",\"name\":\"connection_type_id\",\"type\":\"STRING\"},{\"mode\":\"NULLABLE\",\"name\":\"outside_shape\",\"type\":\"STRING\"},{\"mode\":\"NULLABLE\",\"name\":\"base_type\",\"type\":\"STRING\"},{\"mode\":\"NULLABLE\",\"name\":\"height_over_tube\",\"type\":\"FLOAT\"},{\"mode\":\"NULLABLE\",\"name\":\"bolt_pattern_long\",\"type\":\"FLOAT\"},{\"mode\":\"NULLABLE\",\"name\":\"bolt_pattern_wide\",\"type\":\"FLOAT\"},{\"mode\":\"NULLABLE\",\"name\":\"groove\",\"type\":\"STRING\"},{\"mode\":\"NULLABLE\",\"name\":\"base_diameter\",\"type\":\"FLOAT\"},{\"mode\":\"NULLABLE\",\"name\":\"shoulder_diameter\",\"type\":\"FLOAT\"},{\"mode\":\"NULLABLE\",\"name\":\"unique_feature\",\"type\":\"STRING\"},{\"mode\":\"NULLABLE\",\"name\":\"orientation\",\"type\":\"STRING\"},{\"mode\":\"NULLABLE\",\"name\":\"weight\",\"type\":\"FLOAT\"}]",
            "self_link": "https://bigquery.googleapis.com/bigquery/v2/projects/testeengenharia/datasets/tubes/tables/tb_compboss",
            "table_id": "tb_compboss",
            "time_partitioning": [],
            "type": "TABLE",
            "view": []
          },
          "private": "bnVsbA==",
          "dependencies": [
            "google_bigquery_dataset.tubes"
          ]
        }
      ]
    },
    {
      "mode": "managed",
      "type": "google_bigquery_table",
      "name": "tb_dim_bracket_pricing",
      "provider": "provider[\"registry.terraform.io/hashicorp/google\"]",
      "instances": [
        {
          "schema_version": 0,
          "attributes": {
            "clustering": null,
            "creation_time": 1601935911068,
            "dataset_id": "dw_tubes",
            "description": "",
            "encryption_configuration": [],
            "etag": "QpmFVnO5D6kNzpvJ973Lag==",
            "expiration_time": 0,
            "external_data_configuration": [],
            "friendly_name": "",
            "id": "projects/testeengenharia/datasets/dw_tubes/tables/tb_dim_bracket_pricing",
            "labels": null,
            "last_modified_time": 1601935911189,
            "location": "US",
            "num_bytes": 0,
            "num_long_term_bytes": 0,
            "num_rows": 0,
            "project": "testeengenharia",
            "range_partitioning": [],
            "schema": "[{\"mode\":\"NULLABLE\",\"name\":\"bracket_pricing\",\"type\":\"STRING\"},{\"mode\":\"NULLABLE\",\"name\":\"id\",\"type\":\"INTEGER\"}]",
            "self_link": "https://bigquery.googleapis.com/bigquery/v2/projects/testeengenharia/datasets/dw_tubes/tables/tb_dim_bracket_pricing",
            "table_id": "tb_dim_bracket_pricing",
            "time_partitioning": [],
            "type": "TABLE",
            "view": []
          },
          "private": "bnVsbA==",
          "dependencies": [
            "google_bigquery_dataset.dw"
          ]
        }
      ]
    },
    {
      "mode": "managed",
      "type": "google_bigquery_table",
      "name": "tb_dim_date",
      "provider": "provider[\"registry.terraform.io/hashicorp/google\"]",
      "instances": [
        {
          "schema_version": 0,
          "attributes": {
            "clustering": null,
            "creation_time": 1601935912539,
            "dataset_id": "dw_tubes",
            "description": "",
            "encryption_configuration": [],
            "etag": "BeK6thDBjmvuebgk9QcDxg==",
            "expiration_time": 0,
            "external_data_configuration": [],
            "friendly_name": "",
            "id": "projects/testeengenharia/datasets/dw_tubes/tables/tb_dim_date",
            "labels": null,
            "last_modified_time": 1601935912645,
            "location": "US",
            "num_bytes": 0,
            "num_long_term_bytes": 0,
            "num_rows": 0,
            "project": "testeengenharia",
            "range_partitioning": [],
            "schema": "[{\"mode\":\"NULLABLE\",\"name\":\"date\",\"type\":\"DATE\"},{\"mode\":\"NULLABLE\",\"name\":\"day\",\"type\":\"STRING\"},{\"mode\":\"NULLABLE\",\"name\":\"dayweek\",\"type\":\"STRING\"},{\"mode\":\"NULLABLE\",\"name\":\"month\",\"type\":\"STRING\"},{\"mode\":\"NULLABLE\",\"name\":\"quarter\",\"type\":\"STRING\"},{\"mode\":\"NULLABLE\",\"name\":\"year\",\"type\":\"STRING\"}]",
            "self_link": "https://bigquery.googleapis.com/bigquery/v2/projects/testeengenharia/datasets/dw_tubes/tables/tb_dim_date",
            "table_id": "tb_dim_date",
            "time_partitioning": [],
            "type": "TABLE",
            "view": []
          },
          "private": "bnVsbA==",
          "dependencies": [
            "google_bigquery_dataset.dw"
          ]
        }
      ]
    },
    {
      "mode": "managed",
      "type": "google_bigquery_table",
      "name": "tb_dim_supplier",
      "provider": "provider[\"registry.terraform.io/hashicorp/google\"]",
      "instances": [
        {
          "schema_version": 0,
          "attributes": {
            "clustering": null,
            "creation_time": 1601935910899,
            "dataset_id": "dw_tubes",
            "description": "",
            "encryption_configuration": [],
            "etag": "RjPUt3cj7EWNG69PpjcBsw==",
            "expiration_time": 0,
            "external_data_configuration": [],
            "friendly_name": "",
            "id": "projects/testeengenharia/datasets/dw_tubes/tables/tb_dim_supplier",
            "labels": null,
            "last_modified_time": 1601935911027,
            "location": "US",
            "num_bytes": 0,
            "num_long_term_bytes": 0,
            "num_rows": 0,
            "project": "testeengenharia",
            "range_partitioning": [],
            "schema": "[{\"mode\":\"NULLABLE\",\"name\":\"supplier\",\"type\":\"STRING\"},{\"mode\":\"NULLABLE\",\"name\":\"id\",\"type\":\"INTEGER\"}]",
            "self_link": "https://bigquery.googleapis.com/bigquery/v2/projects/testeengenharia/datasets/dw_tubes/tables/tb_dim_supplier",
            "table_id": "tb_dim_supplier",
            "time_partitioning": [],
            "type": "TABLE",
            "view": []
          },
          "private": "bnVsbA==",
          "dependencies": [
            "google_bigquery_dataset.dw"
          ]
        }
      ]
    },
    {
      "mode": "managed",
      "type": "google_bigquery_table",
      "name": "tb_dim_tube_assembly",
      "provider": "provider[\"registry.terraform.io/hashicorp/google\"]",
      "instances": [
        {
          "schema_version": 0,
          "attributes": {
            "clustering": null,
            "creation_time": 1601935911644,
            "dataset_id": "dw_tubes",
            "description": "",
            "encryption_configuration": [],
            "etag": "RjKK50de0lmzN0Kti40DBg==",
            "expiration_time": 0,
            "external_data_configuration": [],
            "friendly_name": "",
            "id": "projects/testeengenharia/datasets/dw_tubes/tables/tb_dim_tube_assembly",
            "labels": null,
            "last_modified_time": 1601935911742,
            "location": "US",
            "num_bytes": 0,
            "num_long_term_bytes": 0,
            "num_rows": 0,
            "project": "testeengenharia",
            "range_partitioning": [],
            "schema": "[{\"mode\":\"NULLABLE\",\"name\":\"tube_assembly_id\",\"type\":\"STRING\"},{\"mode\":\"NULLABLE\",\"name\":\"id\",\"type\":\"INTEGER\"}]",
            "self_link": "https://bigquery.googleapis.com/bigquery/v2/projects/testeengenharia/datasets/dw_tubes/tables/tb_dim_tube_assembly",
            "table_id": "tb_dim_tube_assembly",
            "time_partitioning": [],
            "type": "TABLE",
            "view": []
          },
          "private": "bnVsbA==",
          "dependencies": [
            "google_bigquery_dataset.dw"
          ]
        }
      ]
    },
    {
      "mode": "managed",
      "type": "google_bigquery_table",
      "name": "tb_fact_quotePrice",
      "provider": "provider[\"registry.terraform.io/hashicorp/google\"]",
      "instances": [
        {
          "schema_version": 0,
          "attributes": {
            "clustering": null,
            "creation_time": 1601935912299,
            "dataset_id": "dw_tubes",
            "description": "",
            "encryption_configuration": [],
            "etag": "crIb0XxTQQp39PfGtFBnhg==",
            "expiration_time": 0,
            "external_data_configuration": [],
            "friendly_name": "",
            "id": "projects/testeengenharia/datasets/dw_tubes/tables/tb_fact_quotePrice",
            "labels": null,
            "last_modified_time": 1601935912440,
            "location": "US",
            "num_bytes": 0,
            "num_long_term_bytes": 0,
            "num_rows": 0,
            "project": "testeengenharia",
            "range_partitioning": [],
            "schema": "[{\"mode\":\"NULLABLE\",\"name\":\"quote_date\",\"type\":\"DATE\"},{\"mode\":\"NULLABLE\",\"name\":\"idtubeAssembly\",\"type\":\"INTEGER\"},{\"mode\":\"NULLABLE\",\"name\":\"idSupplier\",\"type\":\"INTEGER\"},{\"mode\":\"NULLABLE\",\"name\":\"idBracketPrice\",\"type\":\"INTEGER\"},{\"mode\":\"NULLABLE\",\"name\":\"AnnualUsage\",\"type\":\"INTEGER\"},{\"mode\":\"NULLABLE\",\"name\":\"MinOrderQuantity\",\"type\":\"INTEGER\"},{\"mode\":\"NULLABLE\",\"name\":\"Quantity\",\"type\":\"INTEGER\"},{\"mode\":\"NULLABLE\",\"name\":\"cost\",\"type\":\"FLOAT\"}]",
            "self_link": "https://bigquery.googleapis.com/bigquery/v2/projects/testeengenharia/datasets/dw_tubes/tables/tb_fact_quotePrice",
            "table_id": "tb_fact_quotePrice",
            "time_partitioning": [],
            "type": "TABLE",
            "view": []
          },
          "private": "bnVsbA==",
          "dependencies": [
            "google_bigquery_dataset.dw"
          ]
        }
      ]
    },
    {
      "mode": "managed",
      "type": "google_bigquery_table",
      "name": "tb_quoteprice",
      "provider": "provider[\"registry.terraform.io/hashicorp/google\"]",
      "instances": [
        {
          "schema_version": 0,
          "attributes": {
            "clustering": null,
            "creation_time": 1601935910937,
            "dataset_id": "tubes",
            "description": "",
            "encryption_configuration": [],
            "etag": "Li4N+6TbZfUeGe4uO1Z8kg==",
            "expiration_time": 0,
            "external_data_configuration": [],
            "friendly_name": "",
            "id": "projects/testeengenharia/datasets/tubes/tables/tb_quoteprice",
            "labels": null,
            "last_modified_time": 1601935911044,
            "location": "US",
            "num_bytes": 0,
            "num_long_term_bytes": 0,
            "num_rows": 0,
            "project": "testeengenharia",
            "range_partitioning": [],
            "schema": "[{\"mode\":\"NULLABLE\",\"name\":\"tube_assembly_id\",\"type\":\"STRING\"},{\"mode\":\"NULLABLE\",\"name\":\"supplier\",\"type\":\"STRING\"},{\"mode\":\"NULLABLE\",\"name\":\"quote_date\",\"type\":\"DATE\"},{\"mode\":\"NULLABLE\",\"name\":\"annual_usage\",\"type\":\"INTEGER\"},{\"mode\":\"NULLABLE\",\"name\":\"min_order_quantity\",\"type\":\"INTEGER\"},{\"mode\":\"NULLABLE\",\"name\":\"bracket_pricing\",\"type\":\"STRING\"},{\"mode\":\"NULLABLE\",\"name\":\"quantity\",\"type\":\"INTEGER\"},{\"mode\":\"NULLABLE\",\"name\":\"cost\",\"type\":\"FLOAT\"}]",
            "self_link": "https://bigquery.googleapis.com/bigquery/v2/projects/testeengenharia/datasets/tubes/tables/tb_quoteprice",
            "table_id": "tb_quoteprice",
            "time_partitioning": [],
            "type": "TABLE",
            "view": []
          },
          "private": "bnVsbA==",
          "dependencies": [
            "google_bigquery_dataset.tubes"
          ]
        }
      ]
    },
    {
      "mode": "managed",
      "type": "google_cloudfunctions_function",
      "name": "function",
      "provider": "provider[\"registry.terraform.io/hashicorp/google\"]",
      "instances": [
        {
          "schema_version": 0,
          "attributes": {
            "available_memory_mb": 256,
            "description": "ingestao de dados atraves de rest",
            "entry_point": "trigger",
            "environment_variables": null,
            "event_trigger": [],
            "https_trigger_url": "https://us-central1-testeengenharia.cloudfunctions.net/ingestionTerraform",
            "id": "projects/testeengenharia/locations/us-central1/functions/ingestionTerraform",
            "ingress_settings": "ALLOW_ALL",
            "labels": null,
            "max_instances": 0,
            "name": "ingestionTerraform",
            "project": "testeengenharia",
            "region": "us-central1",
            "runtime": "python37",
            "service_account_email": "function@testeengenharia.iam.gserviceaccount.com",
            "source_archive_bucket": "functionrecursos",
            "source_archive_object": "function.zip",
            "source_repository": [],
            "timeout": 60,
            "timeouts": null,
            "trigger_http": true,
            "vpc_connector": "",
            "vpc_connector_egress_settings": ""
          },
          "private": "eyJlMmJmYjczMC1lY2FhLTExZTYtOGY4OC0zNDM2M2JjN2M0YzAiOnsiY3JlYXRlIjozMDAwMDAwMDAwMDAsImRlbGV0ZSI6MzAwMDAwMDAwMDAwLCJyZWFkIjozMDAwMDAwMDAwMDAsInVwZGF0ZSI6MzAwMDAwMDAwMDAwfX0=",
          "dependencies": [
            "google_storage_bucket.bucket",
            "google_storage_bucket_object.archive"
          ]
        }
      ]
    },
    {
      "mode": "managed",
      "type": "google_cloudfunctions_function_iam_member",
      "name": "invoker",
      "provider": "provider[\"registry.terraform.io/hashicorp/google\"]",
      "instances": [
        {
          "schema_version": 0,
          "attributes": {
            "cloud_function": "projects/testeengenharia/locations/us-central1/functions/ingestionTerraform",
            "condition": [],
            "etag": "BwWw88q/+As=",
            "id": "projects/testeengenharia/locations/us-central1/functions/ingestionTerraform/roles/cloudfunctions.invoker/allusers",
            "member": "allUsers",
            "project": "testeengenharia",
            "region": "us-central1",
            "role": "roles/cloudfunctions.invoker"
          },
          "private": "bnVsbA==",
          "dependencies": [
            "google_cloudfunctions_function.function",
            "google_storage_bucket.bucket",
            "google_storage_bucket_object.archive"
          ]
        }
      ]
    },
    {
      "mode": "managed",
      "type": "google_dataflow_job",
      "name": "ps-to-bq-bill_materials",
      "provider": "provider[\"registry.terraform.io/hashicorp/google\"]",
      "instances": [
        {
          "schema_version": 0,
          "attributes": {
            "additional_experiments": null,
            "id": "2020-10-05_15_11_49-14929295056287525346",
            "ip_configuration": null,
            "job_id": "2020-10-05_15_11_49-14929295056287525346",
            "labels": {
              "goog-dataflow-provided-template-name": "pubsub_to_bigquery",
              "goog-dataflow-provided-template-type": "legacy",
              "goog-dataflow-provided-template-version": "2020-09-21-00_rc00"
            },
            "machine_type": "",
            "max_workers": null,
            "name": "ps-to-bq-bill-materials",
            "network": "",
            "on_delete": "drain",
            "parameters": {
              "inputTopic": "projects/testeengenharia/topics/bill_materials",
              "outputTableSpec": "testeengenharia:tubes.tb_billmaterials"
            },
            "project": "testeengenharia",
            "region": "us-central1",
            "service_account_email": "",
            "state": "JOB_STATE_PENDING",
            "subnetwork": null,
            "temp_gcs_location": "gs://functionrecursos/temp",
            "template_gcs_path": "gs://dataflow-templates/latest/PubSub_to_BigQuery",
            "timeouts": null,
            "transform_name_mapping": null,
            "type": "JOB_TYPE_STREAMING",
            "zone": null
          },
          "private": "eyJlMmJmYjczMC1lY2FhLTExZTYtOGY4OC0zNDM2M2JjN2M0YzAiOnsidXBkYXRlIjo2MDAwMDAwMDAwMDB9fQ=="
        }
      ]
    },
    {
      "mode": "managed",
      "type": "google_dataflow_job",
      "name": "ps-to-bq-comp_boss",
      "provider": "provider[\"registry.terraform.io/hashicorp/google\"]",
      "instances": [
        {
          "schema_version": 0,
          "attributes": {
            "additional_experiments": null,
            "id": "2020-10-05_15_11_49-880973355983856792",
            "ip_configuration": null,
            "job_id": "2020-10-05_15_11_49-880973355983856792",
            "labels": {
              "goog-dataflow-provided-template-name": "pubsub_to_bigquery",
              "goog-dataflow-provided-template-type": "legacy",
              "goog-dataflow-provided-template-version": "2020-09-21-00_rc00"
            },
            "machine_type": "",
            "max_workers": null,
            "name": "ps-to-bq-comp-boss",
            "network": "",
            "on_delete": "drain",
            "parameters": {
              "inputTopic": "projects/testeengenharia/topics/comp_boss",
              "outputTableSpec": "testeengenharia:tubes.tb_compboss"
            },
            "project": "testeengenharia",
            "region": "us-central1",
            "service_account_email": "",
            "state": "JOB_STATE_PENDING",
            "subnetwork": null,
            "temp_gcs_location": "gs://functionrecursos/temp",
            "template_gcs_path": "gs://dataflow-templates/latest/PubSub_to_BigQuery",
            "timeouts": null,
            "transform_name_mapping": null,
            "type": "JOB_TYPE_STREAMING",
            "zone": null
          },
          "private": "eyJlMmJmYjczMC1lY2FhLTExZTYtOGY4OC0zNDM2M2JjN2M0YzAiOnsidXBkYXRlIjo2MDAwMDAwMDAwMDB9fQ=="
        }
      ]
    },
    {
      "mode": "managed",
      "type": "google_dataflow_job",
      "name": "ps-to-bq-quote-price",
      "provider": "provider[\"registry.terraform.io/hashicorp/google\"]",
      "instances": [
        {
          "schema_version": 0,
          "attributes": {
            "additional_experiments": null,
            "id": "2020-10-05_15_11_49-17724802272435984308",
            "ip_configuration": null,
            "job_id": "2020-10-05_15_11_49-17724802272435984308",
            "labels": {
              "goog-dataflow-provided-template-name": "pubsub_to_bigquery",
              "goog-dataflow-provided-template-type": "legacy",
              "goog-dataflow-provided-template-version": "2020-09-21-00_rc00"
            },
            "machine_type": "",
            "max_workers": null,
            "name": "ps-to-bq-quote-price",
            "network": "",
            "on_delete": "drain",
            "parameters": {
              "inputTopic": "projects/testeengenharia/topics/quote_price",
              "outputTableSpec": "testeengenharia:tubes.tb_quoteprice"
            },
            "project": "testeengenharia",
            "region": "us-central1",
            "service_account_email": "",
            "state": "JOB_STATE_PENDING",
            "subnetwork": null,
            "temp_gcs_location": "gs://functionrecursos/temp",
            "template_gcs_path": "gs://dataflow-templates/latest/PubSub_to_BigQuery",
            "timeouts": null,
            "transform_name_mapping": null,
            "type": "JOB_TYPE_STREAMING",
            "zone": null
          },
          "private": "eyJlMmJmYjczMC1lY2FhLTExZTYtOGY4OC0zNDM2M2JjN2M0YzAiOnsidXBkYXRlIjo2MDAwMDAwMDAwMDB9fQ=="
        }
      ]
    },
    {
      "mode": "managed",
      "type": "google_pubsub_topic",
      "name": "bill_materials",
      "provider": "provider[\"registry.terraform.io/hashicorp/google\"]",
      "instances": [
        {
          "schema_version": 0,
          "attributes": {
            "id": "projects/testeengenharia/topics/bill_materials",
            "kms_key_name": "",
            "labels": null,
            "message_storage_policy": [],
            "name": "bill_materials",
            "project": "testeengenharia",
            "timeouts": null
          },
          "private": "eyJlMmJmYjczMC1lY2FhLTExZTYtOGY4OC0zNDM2M2JjN2M0YzAiOnsiY3JlYXRlIjozNjAwMDAwMDAwMDAsImRlbGV0ZSI6MjQwMDAwMDAwMDAwLCJ1cGRhdGUiOjM2MDAwMDAwMDAwMH19"
        }
      ]
    },
    {
      "mode": "managed",
      "type": "google_pubsub_topic",
      "name": "comp_boss",
      "provider": "provider[\"registry.terraform.io/hashicorp/google\"]",
      "instances": [
        {
          "schema_version": 0,
          "attributes": {
            "id": "projects/testeengenharia/topics/comp_boss",
            "kms_key_name": "",
            "labels": null,
            "message_storage_policy": [],
            "name": "comp_boss",
            "project": "testeengenharia",
            "timeouts": null
          },
          "private": "eyJlMmJmYjczMC1lY2FhLTExZTYtOGY4OC0zNDM2M2JjN2M0YzAiOnsiY3JlYXRlIjozNjAwMDAwMDAwMDAsImRlbGV0ZSI6MjQwMDAwMDAwMDAwLCJ1cGRhdGUiOjM2MDAwMDAwMDAwMH19"
        }
      ]
    },
    {
      "mode": "managed",
      "type": "google_pubsub_topic",
      "name": "quote_price",
      "provider": "provider[\"registry.terraform.io/hashicorp/google\"]",
      "instances": [
        {
          "schema_version": 0,
          "attributes": {
            "id": "projects/testeengenharia/topics/quote_price",
            "kms_key_name": "",
            "labels": null,
            "message_storage_policy": [],
            "name": "quote_price",
            "project": "testeengenharia",
            "timeouts": null
          },
          "private": "eyJlMmJmYjczMC1lY2FhLTExZTYtOGY4OC0zNDM2M2JjN2M0YzAiOnsiY3JlYXRlIjozNjAwMDAwMDAwMDAsImRlbGV0ZSI6MjQwMDAwMDAwMDAwLCJ1cGRhdGUiOjM2MDAwMDAwMDAwMH19"
        }
      ]
    },
    {
      "mode": "managed",
      "type": "google_storage_bucket",
      "name": "bucket",
      "provider": "provider[\"registry.terraform.io/hashicorp/google\"]",
      "instances": [
        {
          "schema_version": 0,
          "attributes": {
            "bucket_policy_only": false,
            "cors": [],
            "default_event_based_hold": false,
            "encryption": [],
            "force_destroy": true,
            "id": "functionrecursos",
            "labels": null,
            "lifecycle_rule": [],
            "location": "US",
            "logging": [],
            "name": "functionrecursos",
            "project": "testeengenharia",
            "requester_pays": false,
            "retention_policy": [],
            "self_link": "https://www.googleapis.com/storage/v1/b/functionrecursos",
            "storage_class": "STANDARD",
            "uniform_bucket_level_access": false,
            "url": "gs://functionrecursos",
            "versioning": [],
            "website": []
          },
          "private": "bnVsbA=="
        }
      ]
    },
    {
      "mode": "managed",
      "type": "google_storage_bucket_object",
      "name": "archive",
      "provider": "provider[\"registry.terraform.io/hashicorp/google\"]",
      "instances": [
        {
          "schema_version": 0,
          "attributes": {
            "bucket": "functionrecursos",
            "cache_control": "",
            "content": null,
            "content_disposition": "",
            "content_encoding": "",
            "content_language": "",
            "content_type": "application/zip",
            "crc32c": "RJTgkQ==",
            "detect_md5hash": "N308E/oEgGhVkMOg7OBCVQ==",
            "id": "functionrecursos-function.zip",
            "md5hash": "N308E/oEgGhVkMOg7OBCVQ==",
            "media_link": "https://storage.googleapis.com/download/storage/v1/b/functionrecursos/o/function.zip?generation=1601935909799573\u0026alt=media",
            "metadata": null,
            "name": "function.zip",
            "output_name": "function.zip",
            "self_link": "https://www.googleapis.com/storage/v1/b/functionrecursos/o/function.zip",
            "source": "C:/Users/PC/Desktop/TesteEngenheiroDados/terraform/artefacts/function.zip",
            "storage_class": "STANDARD"
          },
          "private": "bnVsbA==",
          "dependencies": [
            "google_storage_bucket.bucket"
          ]
        }
      ]
    },
    {
      "mode": "managed",
      "type": "google_storage_bucket_object",
      "name": "content_folder",
      "provider": "provider[\"registry.terraform.io/hashicorp/google\"]",
      "instances": [
        {
          "schema_version": 0,
          "attributes": {
            "bucket": "functionrecursos",
            "cache_control": "",
            "content": "Not really a directory, but it's empty.",
            "content_disposition": "",
            "content_encoding": "",
            "content_language": "",
            "content_type": "text/plain; charset=utf-8",
            "crc32c": "ynMFIA==",
            "detect_md5hash": "d2al/QXVhZRW4SpIHlrAIg==",
            "id": "functionrecursos-temp/",
            "md5hash": "d2al/QXVhZRW4SpIHlrAIg==",
            "media_link": "https://storage.googleapis.com/download/storage/v1/b/functionrecursos/o/temp%2F?generation=1601935909786794\u0026alt=media",
            "metadata": null,
            "name": "temp/",
            "output_name": "temp/",
            "self_link": "https://www.googleapis.com/storage/v1/b/functionrecursos/o/temp%2F",
            "source": null,
            "storage_class": "STANDARD"
          },
          "private": "bnVsbA==",
          "dependencies": [
            "google_storage_bucket.bucket"
          ]
        }
      ]
    }
  ]
}
